github.com/CrazyHoneyBadger/TCP_Protocol v0.0.0-20220926150556-6a106525edbd h1:lDMgqbL09nVVjJPFoPNelk2/d79DaNvJh94Y+ndraaU=
github.com/CrazyHoneyBadger/TCP_Protocol v0.0.0-20220926150556-6a106525edbd/go.mod h1:E4me6/a4CNGtG1ZzUSNSxrNStOrEoTAdNVqLxfd+svk=
github.com/CrazyHoneyBadger/pow v0.0.0-20220926140852-549a2e053283 h1:BwKXhIoRK0zs7P6wREjFOR5kiQzSAlVpkJcekjKX3pU=
github.com/CrazyHoneyBadger/pow v0.0.0-20220926140852-549a2e053283/go.mod h1:dDhtf2xXRjNIpaH9KlazXlY6zMu5NGVlemXZgYZSuJY=
github.com/davecgh/go-spew v1.1.1 h1:vj9j/u1bqnvCEfJOwUhtlOARqs3+rkHYY13jYWTU97c=
github.com/pmezard/go-difflib v1.0.0 h1:4DBwDE0NGyQoBHbLQYPwSUPoCMWR5BEzIk/f1lZbAQM=
github.com/stretchr/testify v1.8.0 h1:pSgiaMZlXftHpm5L7V1+rVB+AZJydKsMxsQBIJw4PKk=
golang.org/x/crypto v0.0.0-20220924013350-4ba4fb4dd9e7 h1:WJywXQVIb56P2kAvXeMGTIgQ1ZHQxR60+F9dLsodECc=
golang.org/x/crypto v0.0.0-20220924013350-4ba4fb4dd9e7/go.mod h1:IxCIyHEi3zRg3s0A5j5BB6A9Jmi73HwBIUl50j+osU4=
golang.org/x/sys v0.0.0-20210615035016-665e8c7367d1 h1:SrN+KX8Art/Sf4HNj6Zcz06G7VEz+7w9tdXTPOZ7+l4=
golang.org/x/sys v0.0.0-20210615035016-665e8c7367d1/go.mod h1:oPkhp1MJrh7nUepCBck5+mAzfO9JrbApNNgaTdGDITg=
gopkg.in/yaml.v3 v3.0.1 h1:fxVm/GzAzEWqLHuvctI91KS9hhNmmWOoWu0XTYJS7CA=
