github.com/CrazyHoneyBadger/TCP_Protocol v0.0.0-20220925203921-bb6b06ee0c68 h1:kG/cG3kO+1/mz0RJh5+V8z1c3R5fuxRx69Q7/snQyOI=
github.com/CrazyHoneyBadger/TCP_Protocol v0.0.0-20220925203921-bb6b06ee0c68/go.mod h1:E4me6/a4CNGtG1ZzUSNSxrNStOrEoTAdNVqLxfd+svk=
github.com/CrazyHoneyBadger/TCP_Protocol v0.0.0-20220925213045-cb8c962becec h1:4VvV6z1qaMjTF6OnUfU+JqlqC8eEZNRC38hbmEWcp+U=
github.com/CrazyHoneyBadger/TCP_Protocol v0.0.0-20220925213045-cb8c962becec/go.mod h1:E4me6/a4CNGtG1ZzUSNSxrNStOrEoTAdNVqLxfd+svk=
github.com/CrazyHoneyBadger/TCP_Protocol v0.0.0-20220926140300-cab833848320 h1:CczYcXaL2AqbfDxrBqzWaXQewSNjNmDmKcFH8kbE+bY=
github.com/CrazyHoneyBadger/TCP_Protocol v0.0.0-20220926140300-cab833848320/go.mod h1:E4me6/a4CNGtG1ZzUSNSxrNStOrEoTAdNVqLxfd+svk=
github.com/CrazyHoneyBadger/TCP_Protocol v0.0.0-20220926143607-45a9451b3be9 h1:uujnoUcn2jvH1knIemSP3ydUZbc4R0TvRtRhrK+uJ88=
github.com/CrazyHoneyBadger/TCP_Protocol v0.0.0-20220926143607-45a9451b3be9/go.mod h1:E4me6/a4CNGtG1ZzUSNSxrNStOrEoTAdNVqLxfd+svk=
github.com/CrazyHoneyBadger/TCP_Protocol v0.0.0-20220926150556-6a106525edbd h1:lDMgqbL09nVVjJPFoPNelk2/d79DaNvJh94Y+ndraaU=
github.com/CrazyHoneyBadger/TCP_Protocol v0.0.0-20220926150556-6a106525edbd/go.mod h1:E4me6/a4CNGtG1ZzUSNSxrNStOrEoTAdNVqLxfd+svk=
github.com/CrazyHoneyBadger/pow v0.0.0-20220925142522-9d4c2a2f1e9a h1:E4oAV0az7tCNPvWCIMepFkaAMlwomUZWUpl5BJPVTDg=
github.com/CrazyHoneyBadger/pow v0.0.0-20220925142522-9d4c2a2f1e9a/go.mod h1:dDhtf2xXRjNIpaH9KlazXlY6zMu5NGVlemXZgYZSuJY=
github.com/CrazyHoneyBadger/pow v0.0.0-20220926100739-6bb6f25858d0 h1:mCANKOv5SUFtAo+8nJAj+09TXhwvNJY8pB8/CYG7uOE=
github.com/CrazyHoneyBadger/pow v0.0.0-20220926100739-6bb6f25858d0/go.mod h1:dDhtf2xXRjNIpaH9KlazXlY6zMu5NGVlemXZgYZSuJY=
github.com/CrazyHoneyBadger/pow v0.0.0-20220926140852-549a2e053283 h1:BwKXhIoRK0zs7P6wREjFOR5kiQzSAlVpkJcekjKX3pU=
github.com/CrazyHoneyBadger/pow v0.0.0-20220926140852-549a2e053283/go.mod h1:dDhtf2xXRjNIpaH9KlazXlY6zMu5NGVlemXZgYZSuJY=
github.com/davecgh/go-spew v1.1.1 h1:vj9j/u1bqnvCEfJOwUhtlOARqs3+rkHYY13jYWTU97c=
github.com/pmezard/go-difflib v1.0.0 h1:4DBwDE0NGyQoBHbLQYPwSUPoCMWR5BEzIk/f1lZbAQM=
github.com/stretchr/testify v1.8.0 h1:pSgiaMZlXftHpm5L7V1+rVB+AZJydKsMxsQBIJw4PKk=
golang.org/x/crypto v0.0.0-20220924013350-4ba4fb4dd9e7 h1:WJywXQVIb56P2kAvXeMGTIgQ1ZHQxR60+F9dLsodECc=
golang.org/x/crypto v0.0.0-20220924013350-4ba4fb4dd9e7/go.mod h1:IxCIyHEi3zRg3s0A5j5BB6A9Jmi73HwBIUl50j+osU4=
golang.org/x/sys v0.0.0-20210615035016-665e8c7367d1 h1:SrN+KX8Art/Sf4HNj6Zcz06G7VEz+7w9tdXTPOZ7+l4=
golang.org/x/sys v0.0.0-20210615035016-665e8c7367d1/go.mod h1:oPkhp1MJrh7nUepCBck5+mAzfO9JrbApNNgaTdGDITg=
golang.org/x/sys v0.0.0-20220919091848-fb04ddd9f9c8 h1:h+EGohizhe9XlX18rfpa8k8RAc5XyaeamM+0VHRd4lc=
golang.org/x/sys v0.0.0-20220919091848-fb04ddd9f9c8/go.mod h1:oPkhp1MJrh7nUepCBck5+mAzfO9JrbApNNgaTdGDITg=
gopkg.in/yaml.v3 v3.0.1 h1:fxVm/GzAzEWqLHuvctI91KS9hhNmmWOoWu0XTYJS7CA=
